// !$*UTF8*$!
{
	archiveVersion = 1;
	classes = {
	};
	objectVersion = 46;
	objects = {

/* Begin PBXBuildFile section */
		F9CDD0371D9BF69200F127A2 /* main.m in Sources */ = {isa = PBXBuildFile; fileRef = F9CDD0361D9BF69200F127A2 /* main.m */; };
		F9CDD0401D9C063600F127A2 /* CoreFoundation.framework in Frameworks */ = {isa = PBXBuildFile; fileRef = F9CDD03F1D9C063600F127A2 /* CoreFoundation.framework */; };
		F9CDD0421D9CEEB900F127A2 /* MobileDevice.framework in Frameworks */ = {isa = PBXBuildFile; fileRef = F9CDD0411D9CEEB900F127A2 /* MobileDevice.framework */; };
/* End PBXBuildFile section */

/* Begin PBXCopyFilesBuildPhase section */
		F9CDD0311D9BF69200F127A2 /* CopyFiles */ = {
			isa = PBXCopyFilesBuildPhase;
			buildActionMask = 2147483647;
			dstPath = /usr/share/man/man1/;
			dstSubfolderSpec = 0;
			files = (
			);
			runOnlyForDeploymentPostprocessing = 1;
		};
/* End PBXCopyFilesBuildPhase section */

/* Begin PBXFileReference section */
		F9CDD0331D9BF69200F127A2 /* idb */ = {isa = PBXFileReference; explicitFileType = "compiled.mach-o.executable"; includeInIndex = 0; path = idb; sourceTree = BUILT_PRODUCTS_DIR; };
		F9CDD0361D9BF69200F127A2 /* main.m */ = {isa = PBXFileReference; lastKnownFileType = sourcecode.c.objc; path = main.m; sourceTree = "<group>"; };
		F9CDD03D1D9C05CE00F127A2 /* MobileDevice.h */ = {isa = PBXFileReference; lastKnownFileType = sourcecode.c.h; path = MobileDevice.h; sourceTree = "<group>"; };
		F9CDD03F1D9C063600F127A2 /* CoreFoundation.framework */ = {isa = PBXFileReference; lastKnownFileType = wrapper.framework; name = CoreFoundation.framework; path = System/Library/Frameworks/CoreFoundation.framework; sourceTree = SDKROOT; };
		F9CDD0411D9CEEB900F127A2 /* MobileDevice.framework */ = {isa = PBXFileReference; lastKnownFileType = wrapper.framework; name = MobileDevice.framework; path = ../../../../System/Library/PrivateFrameworks/MobileDevice.framework; sourceTree = "<group>"; };
/* End PBXFileReference section */

/* Begin PBXFrameworksBuildPhase section */
		F9CDD0301D9BF69200F127A2 /* Frameworks */ = {
			isa = PBXFrameworksBuildPhase;
			buildActionMask = 2147483647;
			files = (
				F9CDD0401D9C063600F127A2 /* CoreFoundation.framework in Frameworks */,
				F9CDD0421D9CEEB900F127A2 /* MobileDevice.framework in Frameworks */,
			);
			runOnlyForDeploymentPostprocessing = 0;
		};
/* End PBXFrameworksBuildPhase section */

/* Begin PBXGroup section */
		F9CDD02A1D9BF69200F127A2 = {
			isa = PBXGroup;
			children = (
				F9CDD0351D9BF69200F127A2 /* idb */,
				F9CDD0341D9BF69200F127A2 /* Products */,
				F9CDD03E1D9C063600F127A2 /* Frameworks */,
			);
			sourceTree = "<group>";
		};
		F9CDD0341D9BF69200F127A2 /* Products */ = {
			isa = PBXGroup;
			children = (
				F9CDD0331D9BF69200F127A2 /* idb */,
			);
			name = Products;
			sourceTree = "<group>";
		};
		F9CDD0351D9BF69200F127A2 /* idb */ = {
			isa = PBXGroup;
			children = (
				F9CDD0361D9BF69200F127A2 /* main.m */,
				F9CDD03D1D9C05CE00F127A2 /* MobileDevice.h */,
			);
			path = idb;
			sourceTree = "<group>";
		};
		F9CDD03E1D9C063600F127A2 /* Frameworks */ = {
			isa = PBXGroup;
			children = (
				F9CDD0411D9CEEB900F127A2 /* MobileDevice.framework */,
				F9CDD03F1D9C063600F127A2 /* CoreFoundation.framework */,
			);
			name = Frameworks;
			sourceTree = "<group>";
		};
/* End PBXGroup section */

/* Begin PBXNativeTarget section */
		F9CDD0321D9BF69200F127A2 /* idb */ = {
			isa = PBXNativeTarget;
			buildConfigurationList = F9CDD03A1D9BF69200F127A2 /* Build configuration list for PBXNativeTarget "idb" */;
			buildPhases = (
				F9CDD02F1D9BF69200F127A2 /* Sources */,
				F9CDD0301D9BF69200F127A2 /* Frameworks */,
				F9CDD0311D9BF69200F127A2 /* CopyFiles */,
			);
			buildRules = (
			);
			dependencies = (
			);
			name = idb;
			productName = idb;
			productReference = F9CDD0331D9BF69200F127A2 /* idb */;
			productType = "com.apple.product-type.tool";
		};
/* End PBXNativeTarget section */

/* Begin PBXProject section */
		F9CDD02B1D9BF69200F127A2 /* Project object */ = {
			isa = PBXProject;
			attributes = {
				LastUpgradeCheck = 0800;
				ORGANIZATIONNAME = "Telerik A D";
				TargetAttributes = {
					F9CDD0321D9BF69200F127A2 = {
						CreatedOnToolsVersion = 8.0;
						ProvisioningStyle = Automatic;
					};
				};
			};
			buildConfigurationList = F9CDD02E1D9BF69200F127A2 /* Build configuration list for PBXProject "idb" */;
			compatibilityVersion = "Xcode 3.2";
			developmentRegion = English;
			hasScannedForEncodings = 0;
			knownRegions = (
				en,
			);
			mainGroup = F9CDD02A1D9BF69200F127A2;
			productRefGroup = F9CDD0341D9BF69200F127A2 /* Products */;
			projectDirPath = "";
			projectRoot = "";
			targets = (
				F9CDD0321D9BF69200F127A2 /* idb */,
			);
		};
/* End PBXProject section */

/* Begin PBXSourcesBuildPhase section */
		F9CDD02F1D9BF69200F127A2 /* Sources */ = {
			isa = PBXSourcesBuildPhase;
			buildActionMask = 2147483647;
			files = (
				F9CDD0371D9BF69200F127A2 /* main.m in Sources */,
			);
			runOnlyForDeploymentPostprocessing = 0;
		};
/* End PBXSourcesBuildPhase section */

/* Begin XCBuildConfiguration section */
		F9CDD0381D9BF69200F127A2 /* Debug */ = {
			isa = XCBuildConfiguration;
			buildSettings = {
				ALWAYS_SEARCH_USER_PATHS = NO;
				CLANG_ANALYZER_NONNULL = YES;
				CLANG_CXX_LANGUAGE_STANDARD = "gnu++0x";
				CLANG_CXX_LIBRARY = "libc++";
				CLANG_ENABLE_MODULES = YES;
				CLANG_ENABLE_OBJC_ARC = YES;
				CLANG_WARN_BOOL_CONVERSION = YES;
				CLANG_WARN_CONSTANT_CONVERSION = YES;
				CLANG_WARN_DIRECT_OBJC_ISA_USAGE = YES_ERROR;
				CLANG_WARN_DOCUMENTATION_COMMENTS = YES;
				CLANG_WARN_EMPTY_BODY = YES;
				CLANG_WARN_ENUM_CONVERSION = YES;
				CLANG_WARN_INFINITE_RECURSION = YES;
				CLANG_WARN_INT_CONVERSION = YES;
				CLANG_WARN_OBJC_ROOT_CLASS = YES_ERROR;
				CLANG_WARN_SUSPICIOUS_MOVES = YES;
				CLANG_WARN_UNREACHABLE_CODE = YES;
				CLANG_WARN__DUPLICATE_METHOD_MATCH = YES;
				CODE_SIGN_IDENTITY = "-";
				COPY_PHASE_STRIP = NO;
				DEBUG_INFORMATION_FORMAT = dwarf;
				ENABLE_STRICT_OBJC_MSGSEND = YES;
				ENABLE_TESTABILITY = YES;
				GCC_C_LANGUAGE_STANDARD = gnu99;
				GCC_DYNAMIC_NO_PIC = NO;
				GCC_NO_COMMON_BLOCKS = YES;
				GCC_OPTIMIZATION_LEVEL = 0;
				GCC_PREPROCESSOR_DEFINITIONS = (
					"DEBUG=1",
					"$(inherited)",
				);
				GCC_WARN_64_TO_32_BIT_CONVERSION = YES;
				GCC_WARN_ABOUT_RETURN_TYPE = YES_ERROR;
				GCC_WARN_UNDECLARED_SELECTOR = YES;
				GCC_WARN_UNINITIALIZED_AUTOS = YES_AGGRESSIVE;
				GCC_WARN_UNUSED_FUNCTION = YES;
				GCC_WARN_UNUSED_VARIABLE = YES;
				MACOSX_DEPLOYMENT_TARGET = 10.11;
				MTL_ENABLE_DEBUG_INFO = YES;
				ONLY_ACTIVE_ARCH = YES;
				SDKROOT = macosx;
			};
			name = Debug;
		};
		F9CDD0391D9BF69200F127A2 /* Release */ = {
			isa = XCBuildConfiguration;
			buildSettings = {
				ALWAYS_SEARCH_USER_PATHS = NO;
				CLANG_ANALYZER_NONNULL = YES;
				CLANG_CXX_LANGUAGE_STANDARD = "gnu++0x";
				CLANG_CXX_LIBRARY = "libc++";
				CLANG_ENABLE_MODULES = YES;
				CLANG_ENABLE_OBJC_ARC = YES;
				CLANG_WARN_BOOL_CONVERSION = YES;
				CLANG_WARN_CONSTANT_CONVERSION = YES;
				CLANG_WARN_DIRECT_OBJC_ISA_USAGE = YES_ERROR;
				CLANG_WARN_DOCUMENTATION_COMMENTS = YES;
				CLANG_WARN_EMPTY_BODY = YES;
				CLANG_WARN_ENUM_CONVERSION = YES;
				CLANG_WARN_INFINITE_RECURSION = YES;
				CLANG_WARN_INT_CONVERSION = YES;
				CLANG_WARN_OBJC_ROOT_CLASS = YES_ERROR;
				CLANG_WARN_SUSPICIOUS_MOVES = YES;
				CLANG_WARN_UNREACHABLE_CODE = YES;
				CLANG_WARN__DUPLICATE_METHOD_MATCH = YES;
				CODE_SIGN_IDENTITY = "-";
				COPY_PHASE_STRIP = NO;
				DEBUG_INFORMATION_FORMAT = "dwarf-with-dsym";
				ENABLE_NS_ASSERTIONS = NO;
				ENABLE_STRICT_OBJC_MSGSEND = YES;
				GCC_C_LANGUAGE_STANDARD = gnu99;
				GCC_NO_COMMON_BLOCKS = YES;
				GCC_WARN_64_TO_32_BIT_CONVERSION = YES;
				GCC_WARN_ABOUT_RETURN_TYPE = YES_ERROR;
				GCC_WARN_UNDECLARED_SELECTOR = YES;
				GCC_WARN_UNINITIALIZED_AUTOS = YES_AGGRESSIVE;
				GCC_WARN_UNUSED_FUNCTION = YES;
				GCC_WARN_UNUSED_VARIABLE = YES;
				MACOSX_DEPLOYMENT_TARGET = 10.11;
				MTL_ENABLE_DEBUG_INFO = NO;
				SDKROOT = macosx;
			};
			name = Release;
		};
		F9CDD03B1D9BF69200F127A2 /* Debug */ = {
			isa = XCBuildConfiguration;
			buildSettings = {
				FRAMEWORK_SEARCH_PATHS = (
					"$(inherited)",
					"$(SYSTEM_LIBRARY_DIR)/PrivateFrameworks",
				);
				PRODUCT_NAME = "$(TARGET_NAME)";
			};
			name = Debug;
		};
		F9CDD03C1D9BF69200F127A2 /* Release */ = {
			isa = XCBuildConfiguration;
			buildSettings = {
				FRAMEWORK_SEARCH_PATHS = (
					"$(inherited)",
					"$(SYSTEM_LIBRARY_DIR)/PrivateFrameworks",
				);
				PRODUCT_NAME = "$(TARGET_NAME)";
			};
			name = Release;
		};
/* End XCBuildConfiguration section */

/* Begin XCConfigurationList section */
		F9CDD02E1D9BF69200F127A2 /* Build configuration list for PBXProject "idb" */ = {
			isa = XCConfigurationList;
			buildConfigurations = (
				F9CDD0381D9BF69200F127A2 /* Debug */,
				F9CDD0391D9BF69200F127A2 /* Release */,
			);
			defaultConfigurationIsVisible = 0;
			defaultConfigurationName = Release;
		};
		F9CDD03A1D9BF69200F127A2 /* Build configuration list for PBXNativeTarget "idb" */ = {
			isa = XCConfigurationList;
			buildConfigurations = (
				F9CDD03B1D9BF69200F127A2 /* Debug */,
				F9CDD03C1D9BF69200F127A2 /* Release */,
			);
			defaultConfigurationIsVisible = 0;
		};
/* End XCConfigurationList section */
	};
	rootObject = F9CDD02B1D9BF69200F127A2 /* Project object */;
}
